// !$*UTF8*$!
{
	archiveVersion = 1;
	classes = {
	};
	objectVersion = 50;
	objects = {

/* Begin PBXBuildFile section */
		434DF9D72287886F00FB3A92 /* DifferenceViewController.swift in Sources */ = {isa = PBXBuildFile; fileRef = 434DF9D62287886F00FB3A92 /* DifferenceViewController.swift */; };
		43780B2322821AD0008B0520 /* AppDelegate.swift in Sources */ = {isa = PBXBuildFile; fileRef = 43780B2222821AD0008B0520 /* AppDelegate.swift */; };
		43780B2522821AD0008B0520 /* ViewController.swift in Sources */ = {isa = PBXBuildFile; fileRef = 43780B2422821AD0008B0520 /* ViewController.swift */; };
		43780B2722821AD2008B0520 /* Assets.xcassets in Resources */ = {isa = PBXBuildFile; fileRef = 43780B2622821AD2008B0520 /* Assets.xcassets */; };
		43780B2A22821AD2008B0520 /* Main.storyboard in Resources */ = {isa = PBXBuildFile; fileRef = 43780B2822821AD2008B0520 /* Main.storyboard */; };
		43809BC1228F731300387FDA /* AddSubtractViewController.swift in Sources */ = {isa = PBXBuildFile; fileRef = 43809BC0228F731300387FDA /* AddSubtractViewController.swift */; };
/* End PBXBuildFile section */

/* Begin PBXFileReference section */
		434DF9D62287886F00FB3A92 /* DifferenceViewController.swift */ = {isa = PBXFileReference; lastKnownFileType = sourcecode.swift; path = DifferenceViewController.swift; sourceTree = "<group>"; };
		43780B1F22821AD0008B0520 /* Datecalculator.app */ = {isa = PBXFileReference; explicitFileType = wrapper.application; includeInIndex = 0; path = Datecalculator.app; sourceTree = BUILT_PRODUCTS_DIR; };
		43780B2222821AD0008B0520 /* AppDelegate.swift */ = {isa = PBXFileReference; lastKnownFileType = sourcecode.swift; path = AppDelegate.swift; sourceTree = "<group>"; };
		43780B2422821AD0008B0520 /* ViewController.swift */ = {isa = PBXFileReference; lastKnownFileType = sourcecode.swift; path = ViewController.swift; sourceTree = "<group>"; };
		43780B2622821AD2008B0520 /* Assets.xcassets */ = {isa = PBXFileReference; lastKnownFileType = folder.assetcatalog; path = Assets.xcassets; sourceTree = "<group>"; };
		43780B2922821AD2008B0520 /* Base */ = {isa = PBXFileReference; lastKnownFileType = file.storyboard; name = Base; path = Base.lproj/Main.storyboard; sourceTree = "<group>"; };
		43780B2B22821AD2008B0520 /* Info.plist */ = {isa = PBXFileReference; lastKnownFileType = text.plist.xml; path = Info.plist; sourceTree = "<group>"; };
		43780B2C22821AD2008B0520 /* Datecalculator.entitlements */ = {isa = PBXFileReference; lastKnownFileType = text.plist.entitlements; path = Datecalculator.entitlements; sourceTree = "<group>"; };
		43809BC0228F731300387FDA /* AddSubtractViewController.swift */ = {isa = PBXFileReference; lastKnownFileType = sourcecode.swift; path = AddSubtractViewController.swift; sourceTree = "<group>"; };
/* End PBXFileReference section */

/* Begin PBXFrameworksBuildPhase section */
		43780B1C22821AD0008B0520 /* Frameworks */ = {
			isa = PBXFrameworksBuildPhase;
			buildActionMask = 2147483647;
			files = (
			);
			runOnlyForDeploymentPostprocessing = 0;
		};
/* End PBXFrameworksBuildPhase section */

/* Begin PBXGroup section */
		43780B1622821AD0008B0520 = {
			isa = PBXGroup;
			children = (
				43780B2122821AD0008B0520 /* Datecalculator */,
				43780B2022821AD0008B0520 /* Products */,
			);
			sourceTree = "<group>";
		};
		43780B2022821AD0008B0520 /* Products */ = {
			isa = PBXGroup;
			children = (
				43780B1F22821AD0008B0520 /* Datecalculator.app */,
			);
			name = Products;
			sourceTree = "<group>";
		};
		43780B2122821AD0008B0520 /* Datecalculator */ = {
			isa = PBXGroup;
			children = (
				4387FEC5228415F700AD2301 /* CustomDatePicker */,
				43780B2222821AD0008B0520 /* AppDelegate.swift */,
				43780B2422821AD0008B0520 /* ViewController.swift */,
				434DF9D62287886F00FB3A92 /* DifferenceViewController.swift */,
				43809BC0228F731300387FDA /* AddSubtractViewController.swift */,
				43780B2622821AD2008B0520 /* Assets.xcassets */,
				43780B2822821AD2008B0520 /* Main.storyboard */,
				43780B2B22821AD2008B0520 /* Info.plist */,
				43780B2C22821AD2008B0520 /* Datecalculator.entitlements */,
			);
			path = Datecalculator;
			sourceTree = "<group>";
		};
		4387FEC5228415F700AD2301 /* CustomDatePicker */ = {
			isa = PBXGroup;
			children = (
			);
			path = CustomDatePicker;
			sourceTree = "<group>";
		};
/* End PBXGroup section */

/* Begin PBXNativeTarget section */
		43780B1E22821AD0008B0520 /* Datecalculator */ = {
			isa = PBXNativeTarget;
			buildConfigurationList = 43780B2F22821AD2008B0520 /* Build configuration list for PBXNativeTarget "Datecalculator" */;
			buildPhases = (
				43780B1B22821AD0008B0520 /* Sources */,
				43780B1C22821AD0008B0520 /* Frameworks */,
				43780B1D22821AD0008B0520 /* Resources */,
			);
			buildRules = (
			);
			dependencies = (
			);
			name = Datecalculator;
			productName = TabviewControllerTest;
			productReference = 43780B1F22821AD0008B0520 /* Datecalculator.app */;
			productType = "com.apple.product-type.application";
		};
/* End PBXNativeTarget section */

/* Begin PBXProject section */
		43780B1722821AD0008B0520 /* Project object */ = {
			isa = PBXProject;
			attributes = {
				LastSwiftUpdateCheck = 1020;
				LastUpgradeCheck = 1020;
				ORGANIZATIONNAME = "Patrick Claessens";
				TargetAttributes = {
					43780B1E22821AD0008B0520 = {
						CreatedOnToolsVersion = 10.2.1;
					};
				};
			};
			buildConfigurationList = 43780B1A22821AD0008B0520 /* Build configuration list for PBXProject "Datecalculator" */;
			compatibilityVersion = "Xcode 9.3";
			developmentRegion = en;
			hasScannedForEncodings = 0;
			knownRegions = (
				en,
				Base,
			);
			mainGroup = 43780B1622821AD0008B0520;
			productRefGroup = 43780B2022821AD0008B0520 /* Products */;
			projectDirPath = "";
			projectRoot = "";
			targets = (
				43780B1E22821AD0008B0520 /* Datecalculator */,
			);
		};
/* End PBXProject section */

/* Begin PBXResourcesBuildPhase section */
		43780B1D22821AD0008B0520 /* Resources */ = {
			isa = PBXResourcesBuildPhase;
			buildActionMask = 2147483647;
			files = (
				43780B2722821AD2008B0520 /* Assets.xcassets in Resources */,
				43780B2A22821AD2008B0520 /* Main.storyboard in Resources */,
			);
			runOnlyForDeploymentPostprocessing = 0;
		};
/* End PBXResourcesBuildPhase section */

/* Begin PBXSourcesBuildPhase section */
		43780B1B22821AD0008B0520 /* Sources */ = {
			isa = PBXSourcesBuildPhase;
			buildActionMask = 2147483647;
			files = (
				43780B2522821AD0008B0520 /* ViewController.swift in Sources */,
				434DF9D72287886F00FB3A92 /* DifferenceViewController.swift in Sources */,
				43809BC1228F731300387FDA /* AddSubtractViewController.swift in Sources */,
				43780B2322821AD0008B0520 /* AppDelegate.swift in Sources */,
			);
			runOnlyForDeploymentPostprocessing = 0;
		};
/* End PBXSourcesBuildPhase section */

/* Begin PBXVariantGroup section */
		43780B2822821AD2008B0520 /* Main.storyboard */ = {
			isa = PBXVariantGroup;
			children = (
				43780B2922821AD2008B0520 /* Base */,
			);
			name = Main.storyboard;
			sourceTree = "<group>";
		};
/* End PBXVariantGroup section */

/* Begin XCBuildConfiguration section */
		43780B2D22821AD2008B0520 /* Debug */ = {
			isa = XCBuildConfiguration;
			buildSettings = {
				ALWAYS_SEARCH_USER_PATHS = NO;
				CLANG_ANALYZER_NONNULL = YES;
				CLANG_ANALYZER_NUMBER_OBJECT_CONVERSION = YES_AGGRESSIVE;
				CLANG_CXX_LANGUAGE_STANDARD = "gnu++14";
				CLANG_CXX_LIBRARY = "libc++";
				CLANG_ENABLE_MODULES = YES;
				CLANG_ENABLE_OBJC_ARC = YES;
				CLANG_ENABLE_OBJC_WEAK = YES;
				CLANG_WARN_BLOCK_CAPTURE_AUTORELEASING = YES;
				CLANG_WARN_BOOL_CONVERSION = YES;
				CLANG_WARN_COMMA = YES;
				CLANG_WARN_CONSTANT_CONVERSION = YES;
				CLANG_WARN_DEPRECATED_OBJC_IMPLEMENTATIONS = YES;
				CLANG_WARN_DIRECT_OBJC_ISA_USAGE = YES_ERROR;
				CLANG_WARN_DOCUMENTATION_COMMENTS = YES;
				CLANG_WARN_EMPTY_BODY = YES;
				CLANG_WARN_ENUM_CONVERSION = YES;
				CLANG_WARN_INFINITE_RECURSION = YES;
				CLANG_WARN_INT_CONVERSION = YES;
				CLANG_WARN_NON_LITERAL_NULL_CONVERSION = YES;
				CLANG_WARN_OBJC_IMPLICIT_RETAIN_SELF = YES;
				CLANG_WARN_OBJC_LITERAL_CONVERSION = YES;
				CLANG_WARN_OBJC_ROOT_CLASS = YES_ERROR;
				CLANG_WARN_RANGE_LOOP_ANALYSIS = YES;
				CLANG_WARN_STRICT_PROTOTYPES = YES;
				CLANG_WARN_SUSPICIOUS_MOVE = YES;
				CLANG_WARN_UNGUARDED_AVAILABILITY = YES_AGGRESSIVE;
				CLANG_WARN_UNREACHABLE_CODE = YES;
				CLANG_WARN__DUPLICATE_METHOD_MATCH = YES;
				CODE_SIGN_IDENTITY = "Mac Developer";
				COPY_PHASE_STRIP = NO;
				DEBUG_INFORMATION_FORMAT = dwarf;
				ENABLE_STRICT_OBJC_MSGSEND = YES;
				ENABLE_TESTABILITY = YES;
				GCC_C_LANGUAGE_STANDARD = gnu11;
				GCC_DYNAMIC_NO_PIC = NO;
				GCC_NO_COMMON_BLOCKS = YES;
				GCC_OPTIMIZATION_LEVEL = 0;
				GCC_PREPROCESSOR_DEFINITIONS = (
					"DEBUG=1",
					"$(inherited)",
				);
				GCC_WARN_64_TO_32_BIT_CONVERSION = YES;
				GCC_WARN_ABOUT_RETURN_TYPE = YES_ERROR;
				GCC_WARN_UNDECLARED_SELECTOR = YES;
				GCC_WARN_UNINITIALIZED_AUTOS = YES_AGGRESSIVE;
				GCC_WARN_UNUSED_FUNCTION = YES;
				GCC_WARN_UNUSED_VARIABLE = YES;
				MACOSX_DEPLOYMENT_TARGET = 10.14;
				MTL_ENABLE_DEBUG_INFO = INCLUDE_SOURCE;
				MTL_FAST_MATH = YES;
				ONLY_ACTIVE_ARCH = YES;
				SDKROOT = macosx;
				SWIFT_ACTIVE_COMPILATION_CONDITIONS = DEBUG;
				SWIFT_OPTIMIZATION_LEVEL = "-Onone";
			};
			name = Debug;
		};
		43780B2E22821AD2008B0520 /* Release */ = {
			isa = XCBuildConfiguration;
			buildSettings = {
				ALWAYS_SEARCH_USER_PATHS = NO;
				CLANG_ANALYZER_NONNULL = YES;
				CLANG_ANALYZER_NUMBER_OBJECT_CONVERSION = YES_AGGRESSIVE;
				CLANG_CXX_LANGUAGE_STANDARD = "gnu++14";
				CLANG_CXX_LIBRARY = "libc++";
				CLANG_ENABLE_MODULES = YES;
				CLANG_ENABLE_OBJC_ARC = YES;
				CLANG_ENABLE_OBJC_WEAK = YES;
				CLANG_WARN_BLOCK_CAPTURE_AUTORELEASING = YES;
				CLANG_WARN_BOOL_CONVERSION = YES;
				CLANG_WARN_COMMA = YES;
				CLANG_WARN_CONSTANT_CONVERSION = YES;
				CLANG_WARN_DEPRECATED_OBJC_IMPLEMENTATIONS = YES;
				CLANG_WARN_DIRECT_OBJC_ISA_USAGE = YES_ERROR;
				CLANG_WARN_DOCUMENTATION_COMMENTS = YES;
				CLANG_WARN_EMPTY_BODY = YES;
				CLANG_WARN_ENUM_CONVERSION = YES;
				CLANG_WARN_INFINITE_RECURSION = YES;
				CLANG_WARN_INT_CONVERSION = YES;
				CLANG_WARN_NON_LITERAL_NULL_CONVERSION = YES;
				CLANG_WARN_OBJC_IMPLICIT_RETAIN_SELF = YES;
				CLANG_WARN_OBJC_LITERAL_CONVERSION = YES;
				CLANG_WARN_OBJC_ROOT_CLASS = YES_ERROR;
				CLANG_WARN_RANGE_LOOP_ANALYSIS = YES;
				CLANG_WARN_STRICT_PROTOTYPES = YES;
				CLANG_WARN_SUSPICIOUS_MOVE = YES;
				CLANG_WARN_UNGUARDED_AVAILABILITY = YES_AGGRESSIVE;
				CLANG_WARN_UNREACHABLE_CODE = YES;
				CLANG_WARN__DUPLICATE_METHOD_MATCH = YES;
				CODE_SIGN_IDENTITY = "Mac Developer";
				COPY_PHASE_STRIP = NO;
				DEBUG_INFORMATION_FORMAT = "dwarf-with-dsym";
				ENABLE_NS_ASSERTIONS = NO;
				ENABLE_STRICT_OBJC_MSGSEND = YES;
				GCC_C_LANGUAGE_STANDARD = gnu11;
				GCC_NO_COMMON_BLOCKS = YES;
				GCC_WARN_64_TO_32_BIT_CONVERSION = YES;
				GCC_WARN_ABOUT_RETURN_TYPE = YES_ERROR;
				GCC_WARN_UNDECLARED_SELECTOR = YES;
				GCC_WARN_UNINITIALIZED_AUTOS = YES_AGGRESSIVE;
				GCC_WARN_UNUSED_FUNCTION = YES;
				GCC_WARN_UNUSED_VARIABLE = YES;
				MACOSX_DEPLOYMENT_TARGET = 10.14;
				MTL_ENABLE_DEBUG_INFO = NO;
				MTL_FAST_MATH = YES;
				SDKROOT = macosx;
				SWIFT_COMPILATION_MODE = wholemodule;
				SWIFT_OPTIMIZATION_LEVEL = "-O";
			};
			name = Release;
		};
		43780B3022821AD2008B0520 /* Debug */ = {
			isa = XCBuildConfiguration;
			buildSettings = {
				ASSETCATALOG_COMPILER_APPICON_NAME = AppIcon;
				CODE_SIGN_ENTITLEMENTS = Datecalculator/Datecalculator.entitlements;
				CODE_SIGN_STYLE = Automatic;
				COMBINE_HIDPI_IMAGES = YES;
				DEVELOPMENT_TEAM = 3ZWQ2448SE;
				INFOPLIST_FILE = Datecalculator/Info.plist;
				LD_RUNPATH_SEARCH_PATHS = (
					"$(inherited)",
					"@executable_path/../Frameworks",
				);
				PRODUCT_BUNDLE_IDENTIFIER = be.MrKeutel.Datecalculator;
				PRODUCT_NAME = "$(TARGET_NAME)";
				SWIFT_VERSION = 5.0;
			};
			name = Debug;
		};
		43780B3122821AD2008B0520 /* Release */ = {
			isa = XCBuildConfiguration;
			buildSettings = {
				ASSETCATALOG_COMPILER_APPICON_NAME = AppIcon;
				CODE_SIGN_ENTITLEMENTS = Datecalculator/Datecalculator.entitlements;
				CODE_SIGN_STYLE = Automatic;
				COMBINE_HIDPI_IMAGES = YES;
				DEVELOPMENT_TEAM = 3ZWQ2448SE;
				INFOPLIST_FILE = Datecalculator/Info.plist;
				LD_RUNPATH_SEARCH_PATHS = (
					"$(inherited)",
					"@executable_path/../Frameworks",
				);
				PRODUCT_BUNDLE_IDENTIFIER = be.MrKeutel.Datecalculator;
				PRODUCT_NAME = "$(TARGET_NAME)";
				SWIFT_VERSION = 5.0;
			};
			name = Release;
		};
/* End XCBuildConfiguration section */

/* Begin XCConfigurationList section */
		43780B1A22821AD0008B0520 /* Build configuration list for PBXProject "Datecalculator" */ = {
			isa = XCConfigurationList;
			buildConfigurations = (
				43780B2D22821AD2008B0520 /* Debug */,
				43780B2E22821AD2008B0520 /* Release */,
			);
			defaultConfigurationIsVisible = 0;
			defaultConfigurationName = Release;
		};
		43780B2F22821AD2008B0520 /* Build configuration list for PBXNativeTarget "Datecalculator" */ = {
			isa = XCConfigurationList;
			buildConfigurations = (
				43780B3022821AD2008B0520 /* Debug */,
				43780B3122821AD2008B0520 /* Release */,
			);
			defaultConfigurationIsVisible = 0;
			defaultConfigurationName = Release;
		};
/* End XCConfigurationList section */
	};
	rootObject = 43780B1722821AD0008B0520 /* Project object */;
}
